<?xml version="1.0" encoding="utf-8"?>
<Project ToolsVersion="17.0" xmlns="http://schemas.microsoft.com/developer/msbuild/2003">
  <ItemGroup>
    <CustomBuild Include="C:\Users\jeroe\Documents\Wiskunde\Jaar 3\Scriptie\Bachelor-Thesis - GitHub\Transit Solver Single\CMakeFiles\3d0c30279a15816389a430608fb2a60a\generate.stamp.rule">
      <Filter>CMake Rules</Filter>
    </CustomBuild>
  </ItemGroup>
  <ItemGroup>
    <Filter Include="CMake Rules">
      <UniqueIdentifier>{568872DF-A029-39E0-8C4C-7D529AAEA18E}</UniqueIdentifier>
    </Filter>
  </ItemGroup>
</Project>
